
Microsoft Visual Studio Solution File, Format Version 12.00
# Visual Studio Version 16
VisualStudioVersion = 16.0.30204.135
MinimumVisualStudioVersion = 10.0.40219.1
Project("{FAE04EC0-301F-11D3-BF4B-00C04F79EFBC}") = "ScriptRunner", "ScriptRunner.csproj", "{E489C9F6-1C4F-4D0E-B922-0F85B2B97BF6}"
EndProject
Global
	GlobalSection(SolutionConfigurationPlatforms) = preSolution
		Debug|Any CPU = Debug|Any CPU
		Release|Any CPU = Release|Any CPU
	EndGlobalSection
	GlobalSection(ProjectConfigurationPlatforms) = postSolution
		{E489C9F6-1C4F-4D0E-B922-0F85B2B97BF6}.Debug|Any CPU.ActiveCfg = Debug|Any CPU
		{E489C9F6-1C4F-4D0E-B922-0F85B2B97BF6}.Debug|Any CPU.Build.0 = Debug|Any CPU
		{E489C9F6-1C4F-4D0E-B922-0F85B2B97BF6}.Release|Any CPU.ActiveCfg = Release|Any CPU
		{E489C9F6-1C4F-4D0E-B922-0F85B2B97BF6}.Release|Any CPU.Build.0 = Release|Any CPU
	EndGlobalSection
	GlobalSection(SolutionProperties) = preSolution
		HideSolutionNode = FALSE
	EndGlobalSection
	GlobalSection(ExtensibilityGlobals) = postSolution
		SolutionGuid = {65150A5B-A212-40FA-871A-6DE093AAF51A}
	EndGlobalSection
EndGlobal
